
Microsoft Visual Studio Solution File, Format Version 12.00
Project("{F2A71F9B-5D33-465A-A702-920D77279786}") = "DayOne", "DayOne\DayOne.fsproj", "{5BE40C7C-B658-4D11-902B-D4901DE62E90}"
EndProject
Global
	GlobalSection(SolutionConfigurationPlatforms) = preSolution
		Debug|Any CPU = Debug|Any CPU
		Release|Any CPU = Release|Any CPU
	EndGlobalSection
	GlobalSection(ProjectConfigurationPlatforms) = postSolution
		{5BE40C7C-B658-4D11-902B-D4901DE62E90}.Debug|Any CPU.ActiveCfg = Debug|Any CPU
		{5BE40C7C-B658-4D11-902B-D4901DE62E90}.Debug|Any CPU.Build.0 = Debug|Any CPU
		{5BE40C7C-B658-4D11-902B-D4901DE62E90}.Release|Any CPU.ActiveCfg = Release|Any CPU
		{5BE40C7C-B658-4D11-902B-D4901DE62E90}.Release|Any CPU.Build.0 = Release|Any CPU
	EndGlobalSection
EndGlobal
